// !$*UTF8*$!
{
	archiveVersion = 1;
	classes = {
	};
	objectVersion = 56;
	objects = {

/* Begin PBXBuildFile section */
		335BE74329FC10DD00BC953C /* AppDelegate.swift in Sources */ = {isa = PBXBuildFile; fileRef = 335BE74229FC10DD00BC953C /* AppDelegate.swift */; };
		335BE74529FC10DD00BC953C /* SceneDelegate.swift in Sources */ = {isa = PBXBuildFile; fileRef = 335BE74429FC10DD00BC953C /* SceneDelegate.swift */; };
		335BE74729FC10DD00BC953C /* ViewController.swift in Sources */ = {isa = PBXBuildFile; fileRef = 335BE74629FC10DD00BC953C /* ViewController.swift */; };
		335BE74A29FC10DD00BC953C /* Main.storyboard in Resources */ = {isa = PBXBuildFile; fileRef = 335BE74829FC10DD00BC953C /* Main.storyboard */; };
		335BE74D29FC10DD00BC953C /* Groshi.xcdatamodeld in Sources */ = {isa = PBXBuildFile; fileRef = 335BE74B29FC10DD00BC953C /* Groshi.xcdatamodeld */; };
		335BE74F29FC10DF00BC953C /* Assets.xcassets in Resources */ = {isa = PBXBuildFile; fileRef = 335BE74E29FC10DF00BC953C /* Assets.xcassets */; };
		335BE75229FC10DF00BC953C /* LaunchScreen.storyboard in Resources */ = {isa = PBXBuildFile; fileRef = 335BE75029FC10DF00BC953C /* LaunchScreen.storyboard */; };
		335BE75D29FC10DF00BC953C /* GroshiTests.swift in Sources */ = {isa = PBXBuildFile; fileRef = 335BE75C29FC10DF00BC953C /* GroshiTests.swift */; };
		335BE76729FC10DF00BC953C /* GroshiUITests.swift in Sources */ = {isa = PBXBuildFile; fileRef = 335BE76629FC10DF00BC953C /* GroshiUITests.swift */; };
		335BE76929FC10DF00BC953C /* GroshiUITestsLaunchTests.swift in Sources */ = {isa = PBXBuildFile; fileRef = 335BE76829FC10DF00BC953C /* GroshiUITestsLaunchTests.swift */; };
/* End PBXBuildFile section */

/* Begin PBXContainerItemProxy section */
		335BE75929FC10DF00BC953C /* PBXContainerItemProxy */ = {
			isa = PBXContainerItemProxy;
			containerPortal = 335BE73729FC10DD00BC953C /* Project object */;
			proxyType = 1;
			remoteGlobalIDString = 335BE73E29FC10DD00BC953C;
			remoteInfo = Groshi;
		};
		335BE76329FC10DF00BC953C /* PBXContainerItemProxy */ = {
			isa = PBXContainerItemProxy;
			containerPortal = 335BE73729FC10DD00BC953C /* Project object */;
			proxyType = 1;
			remoteGlobalIDString = 335BE73E29FC10DD00BC953C;
			remoteInfo = Groshi;
		};
/* End PBXContainerItemProxy section */

/* Begin PBXFileReference section */
		335BE73F29FC10DD00BC953C /* Groshi.app */ = {isa = PBXFileReference; explicitFileType = wrapper.application; includeInIndex = 0; path = Groshi.app; sourceTree = BUILT_PRODUCTS_DIR; };
		335BE74229FC10DD00BC953C /* AppDelegate.swift */ = {isa = PBXFileReference; lastKnownFileType = sourcecode.swift; path = AppDelegate.swift; sourceTree = "<group>"; };
		335BE74429FC10DD00BC953C /* SceneDelegate.swift */ = {isa = PBXFileReference; lastKnownFileType = sourcecode.swift; path = SceneDelegate.swift; sourceTree = "<group>"; };
		335BE74629FC10DD00BC953C /* ViewController.swift */ = {isa = PBXFileReference; lastKnownFileType = sourcecode.swift; path = ViewController.swift; sourceTree = "<group>"; };
		335BE74929FC10DD00BC953C /* Base */ = {isa = PBXFileReference; lastKnownFileType = file.storyboard; name = Base; path = Base.lproj/Main.storyboard; sourceTree = "<group>"; };
		335BE74C29FC10DD00BC953C /* Groshi.xcdatamodel */ = {isa = PBXFileReference; lastKnownFileType = wrapper.xcdatamodel; path = Groshi.xcdatamodel; sourceTree = "<group>"; };
		335BE74E29FC10DF00BC953C /* Assets.xcassets */ = {isa = PBXFileReference; lastKnownFileType = folder.assetcatalog; path = Assets.xcassets; sourceTree = "<group>"; };
		335BE75129FC10DF00BC953C /* Base */ = {isa = PBXFileReference; lastKnownFileType = file.storyboard; name = Base; path = Base.lproj/LaunchScreen.storyboard; sourceTree = "<group>"; };
		335BE75329FC10DF00BC953C /* Info.plist */ = {isa = PBXFileReference; lastKnownFileType = text.plist.xml; path = Info.plist; sourceTree = "<group>"; };
		335BE75829FC10DF00BC953C /* GroshiTests.xctest */ = {isa = PBXFileReference; explicitFileType = wrapper.cfbundle; includeInIndex = 0; path = GroshiTests.xctest; sourceTree = BUILT_PRODUCTS_DIR; };
		335BE75C29FC10DF00BC953C /* GroshiTests.swift */ = {isa = PBXFileReference; lastKnownFileType = sourcecode.swift; path = GroshiTests.swift; sourceTree = "<group>"; };
		335BE76229FC10DF00BC953C /* GroshiUITests.xctest */ = {isa = PBXFileReference; explicitFileType = wrapper.cfbundle; includeInIndex = 0; path = GroshiUITests.xctest; sourceTree = BUILT_PRODUCTS_DIR; };
		335BE76629FC10DF00BC953C /* GroshiUITests.swift */ = {isa = PBXFileReference; lastKnownFileType = sourcecode.swift; path = GroshiUITests.swift; sourceTree = "<group>"; };
		335BE76829FC10DF00BC953C /* GroshiUITestsLaunchTests.swift */ = {isa = PBXFileReference; lastKnownFileType = sourcecode.swift; path = GroshiUITestsLaunchTests.swift; sourceTree = "<group>"; };
/* End PBXFileReference section */

/* Begin PBXFrameworksBuildPhase section */
		335BE73C29FC10DD00BC953C /* Frameworks */ = {
			isa = PBXFrameworksBuildPhase;
			buildActionMask = 2147483647;
			files = (
			);
			runOnlyForDeploymentPostprocessing = 0;
		};
		335BE75529FC10DF00BC953C /* Frameworks */ = {
			isa = PBXFrameworksBuildPhase;
			buildActionMask = 2147483647;
			files = (
			);
			runOnlyForDeploymentPostprocessing = 0;
		};
		335BE75F29FC10DF00BC953C /* Frameworks */ = {
			isa = PBXFrameworksBuildPhase;
			buildActionMask = 2147483647;
			files = (
			);
			runOnlyForDeploymentPostprocessing = 0;
		};
/* End PBXFrameworksBuildPhase section */

/* Begin PBXGroup section */
		335BE73629FC10DD00BC953C = {
			isa = PBXGroup;
			children = (
				335BE74129FC10DD00BC953C /* Groshi */,
				335BE75B29FC10DF00BC953C /* GroshiTests */,
				335BE76529FC10DF00BC953C /* GroshiUITests */,
				335BE74029FC10DD00BC953C /* Products */,
			);
			sourceTree = "<group>";
		};
		335BE74029FC10DD00BC953C /* Products */ = {
			isa = PBXGroup;
			children = (
				335BE73F29FC10DD00BC953C /* Groshi.app */,
				335BE75829FC10DF00BC953C /* GroshiTests.xctest */,
				335BE76229FC10DF00BC953C /* GroshiUITests.xctest */,
			);
			name = Products;
			sourceTree = "<group>";
		};
		335BE74129FC10DD00BC953C /* Groshi */ = {
			isa = PBXGroup;
			children = (
				335BE74229FC10DD00BC953C /* AppDelegate.swift */,
				335BE74429FC10DD00BC953C /* SceneDelegate.swift */,
				335BE74629FC10DD00BC953C /* ViewController.swift */,
				335BE74829FC10DD00BC953C /* Main.storyboard */,
				335BE74E29FC10DF00BC953C /* Assets.xcassets */,
				335BE75029FC10DF00BC953C /* LaunchScreen.storyboard */,
				335BE75329FC10DF00BC953C /* Info.plist */,
				335BE74B29FC10DD00BC953C /* Groshi.xcdatamodeld */,
			);
			path = Groshi;
			sourceTree = "<group>";
		};
		335BE75B29FC10DF00BC953C /* GroshiTests */ = {
			isa = PBXGroup;
			children = (
				335BE75C29FC10DF00BC953C /* GroshiTests.swift */,
			);
			path = GroshiTests;
			sourceTree = "<group>";
		};
		335BE76529FC10DF00BC953C /* GroshiUITests */ = {
			isa = PBXGroup;
			children = (
				335BE76629FC10DF00BC953C /* GroshiUITests.swift */,
				335BE76829FC10DF00BC953C /* GroshiUITestsLaunchTests.swift */,
			);
			path = GroshiUITests;
			sourceTree = "<group>";
		};
/* End PBXGroup section */

/* Begin PBXNativeTarget section */
		335BE73E29FC10DD00BC953C /* Groshi */ = {
			isa = PBXNativeTarget;
			buildConfigurationList = 335BE76C29FC10DF00BC953C /* Build configuration list for PBXNativeTarget "Groshi" */;
			buildPhases = (
				335BE73B29FC10DD00BC953C /* Sources */,
				335BE73C29FC10DD00BC953C /* Frameworks */,
				335BE73D29FC10DD00BC953C /* Resources */,
			);
			buildRules = (
			);
			dependencies = (
			);
			name = Groshi;
			productName = Groshi;
			productReference = 335BE73F29FC10DD00BC953C /* Groshi.app */;
			productType = "com.apple.product-type.application";
		};
		335BE75729FC10DF00BC953C /* GroshiTests */ = {
			isa = PBXNativeTarget;
			buildConfigurationList = 335BE76F29FC10DF00BC953C /* Build configuration list for PBXNativeTarget "GroshiTests" */;
			buildPhases = (
				335BE75429FC10DF00BC953C /* Sources */,
				335BE75529FC10DF00BC953C /* Frameworks */,
				335BE75629FC10DF00BC953C /* Resources */,
			);
			buildRules = (
			);
			dependencies = (
				335BE75A29FC10DF00BC953C /* PBXTargetDependency */,
			);
			name = GroshiTests;
			productName = GroshiTests;
			productReference = 335BE75829FC10DF00BC953C /* GroshiTests.xctest */;
			productType = "com.apple.product-type.bundle.unit-test";
		};
		335BE76129FC10DF00BC953C /* GroshiUITests */ = {
			isa = PBXNativeTarget;
			buildConfigurationList = 335BE77229FC10DF00BC953C /* Build configuration list for PBXNativeTarget "GroshiUITests" */;
			buildPhases = (
				335BE75E29FC10DF00BC953C /* Sources */,
				335BE75F29FC10DF00BC953C /* Frameworks */,
				335BE76029FC10DF00BC953C /* Resources */,
			);
			buildRules = (
			);
			dependencies = (
				335BE76429FC10DF00BC953C /* PBXTargetDependency */,
			);
			name = GroshiUITests;
			productName = GroshiUITests;
			productReference = 335BE76229FC10DF00BC953C /* GroshiUITests.xctest */;
			productType = "com.apple.product-type.bundle.ui-testing";
		};
/* End PBXNativeTarget section */

/* Begin PBXProject section */
		335BE73729FC10DD00BC953C /* Project object */ = {
			isa = PBXProject;
			attributes = {
				BuildIndependentTargetsInParallel = 1;
				LastSwiftUpdateCheck = 1420;
				LastUpgradeCheck = 1420;
				TargetAttributes = {
					335BE73E29FC10DD00BC953C = {
						CreatedOnToolsVersion = 14.2;
					};
					335BE75729FC10DF00BC953C = {
						CreatedOnToolsVersion = 14.2;
						TestTargetID = 335BE73E29FC10DD00BC953C;
					};
					335BE76129FC10DF00BC953C = {
						CreatedOnToolsVersion = 14.2;
						TestTargetID = 335BE73E29FC10DD00BC953C;
					};
				};
			};
			buildConfigurationList = 335BE73A29FC10DD00BC953C /* Build configuration list for PBXProject "Groshi" */;
			compatibilityVersion = "Xcode 14.0";
			developmentRegion = en;
			hasScannedForEncodings = 0;
			knownRegions = (
				en,
				Base,
			);
			mainGroup = 335BE73629FC10DD00BC953C;
			productRefGroup = 335BE74029FC10DD00BC953C /* Products */;
			projectDirPath = "";
			projectRoot = "";
			targets = (
				335BE73E29FC10DD00BC953C /* Groshi */,
				335BE75729FC10DF00BC953C /* GroshiTests */,
				335BE76129FC10DF00BC953C /* GroshiUITests */,
			);
		};
/* End PBXProject section */

/* Begin PBXResourcesBuildPhase section */
		335BE73D29FC10DD00BC953C /* Resources */ = {
			isa = PBXResourcesBuildPhase;
			buildActionMask = 2147483647;
			files = (
				335BE75229FC10DF00BC953C /* LaunchScreen.storyboard in Resources */,
				335BE74F29FC10DF00BC953C /* Assets.xcassets in Resources */,
				335BE74A29FC10DD00BC953C /* Main.storyboard in Resources */,
			);
			runOnlyForDeploymentPostprocessing = 0;
		};
		335BE75629FC10DF00BC953C /* Resources */ = {
			isa = PBXResourcesBuildPhase;
			buildActionMask = 2147483647;
			files = (
			);
			runOnlyForDeploymentPostprocessing = 0;
		};
		335BE76029FC10DF00BC953C /* Resources */ = {
			isa = PBXResourcesBuildPhase;
			buildActionMask = 2147483647;
			files = (
			);
			runOnlyForDeploymentPostprocessing = 0;
		};
/* End PBXResourcesBuildPhase section */

/* Begin PBXSourcesBuildPhase section */
		335BE73B29FC10DD00BC953C /* Sources */ = {
			isa = PBXSourcesBuildPhase;
			buildActionMask = 2147483647;
			files = (
				335BE74729FC10DD00BC953C /* ViewController.swift in Sources */,
				335BE74329FC10DD00BC953C /* AppDelegate.swift in Sources */,
				335BE74529FC10DD00BC953C /* SceneDelegate.swift in Sources */,
				335BE74D29FC10DD00BC953C /* Groshi.xcdatamodeld in Sources */,
			);
			runOnlyForDeploymentPostprocessing = 0;
		};
		335BE75429FC10DF00BC953C /* Sources */ = {
			isa = PBXSourcesBuildPhase;
			buildActionMask = 2147483647;
			files = (
				335BE75D29FC10DF00BC953C /* GroshiTests.swift in Sources */,
			);
			runOnlyForDeploymentPostprocessing = 0;
		};
		335BE75E29FC10DF00BC953C /* Sources */ = {
			isa = PBXSourcesBuildPhase;
			buildActionMask = 2147483647;
			files = (
				335BE76929FC10DF00BC953C /* GroshiUITestsLaunchTests.swift in Sources */,
				335BE76729FC10DF00BC953C /* GroshiUITests.swift in Sources */,
			);
			runOnlyForDeploymentPostprocessing = 0;
		};
/* End PBXSourcesBuildPhase section */

/* Begin PBXTargetDependency section */
		335BE75A29FC10DF00BC953C /* PBXTargetDependency */ = {
			isa = PBXTargetDependency;
			target = 335BE73E29FC10DD00BC953C /* Groshi */;
			targetProxy = 335BE75929FC10DF00BC953C /* PBXContainerItemProxy */;
		};
		335BE76429FC10DF00BC953C /* PBXTargetDependency */ = {
			isa = PBXTargetDependency;
			target = 335BE73E29FC10DD00BC953C /* Groshi */;
			targetProxy = 335BE76329FC10DF00BC953C /* PBXContainerItemProxy */;
		};
/* End PBXTargetDependency section */

/* Begin PBXVariantGroup section */
		335BE74829FC10DD00BC953C /* Main.storyboard */ = {
			isa = PBXVariantGroup;
			children = (
				335BE74929FC10DD00BC953C /* Base */,
			);
			name = Main.storyboard;
			sourceTree = "<group>";
		};
		335BE75029FC10DF00BC953C /* LaunchScreen.storyboard */ = {
			isa = PBXVariantGroup;
			children = (
				335BE75129FC10DF00BC953C /* Base */,
			);
			name = LaunchScreen.storyboard;
			sourceTree = "<group>";
		};
/* End PBXVariantGroup section */

/* Begin XCBuildConfiguration section */
		335BE76A29FC10DF00BC953C /* Debug */ = {
			isa = XCBuildConfiguration;
			buildSettings = {
				ALWAYS_SEARCH_USER_PATHS = NO;
				CLANG_ANALYZER_NONNULL = YES;
				CLANG_ANALYZER_NUMBER_OBJECT_CONVERSION = YES_AGGRESSIVE;
				CLANG_CXX_LANGUAGE_STANDARD = "gnu++20";
				CLANG_ENABLE_MODULES = YES;
				CLANG_ENABLE_OBJC_ARC = YES;
				CLANG_ENABLE_OBJC_WEAK = YES;
				CLANG_WARN_BLOCK_CAPTURE_AUTORELEASING = YES;
				CLANG_WARN_BOOL_CONVERSION = YES;
				CLANG_WARN_COMMA = YES;
				CLANG_WARN_CONSTANT_CONVERSION = YES;
				CLANG_WARN_DEPRECATED_OBJC_IMPLEMENTATIONS = YES;
				CLANG_WARN_DIRECT_OBJC_ISA_USAGE = YES_ERROR;
				CLANG_WARN_DOCUMENTATION_COMMENTS = YES;
				CLANG_WARN_EMPTY_BODY = YES;
				CLANG_WARN_ENUM_CONVERSION = YES;
				CLANG_WARN_INFINITE_RECURSION = YES;
				CLANG_WARN_INT_CONVERSION = YES;
				CLANG_WARN_NON_LITERAL_NULL_CONVERSION = YES;
				CLANG_WARN_OBJC_IMPLICIT_RETAIN_SELF = YES;
				CLANG_WARN_OBJC_LITERAL_CONVERSION = YES;
				CLANG_WARN_OBJC_ROOT_CLASS = YES_ERROR;
				CLANG_WARN_QUOTED_INCLUDE_IN_FRAMEWORK_HEADER = YES;
				CLANG_WARN_RANGE_LOOP_ANALYSIS = YES;
				CLANG_WARN_STRICT_PROTOTYPES = YES;
				CLANG_WARN_SUSPICIOUS_MOVE = YES;
				CLANG_WARN_UNGUARDED_AVAILABILITY = YES_AGGRESSIVE;
				CLANG_WARN_UNREACHABLE_CODE = YES;
				CLANG_WARN__DUPLICATE_METHOD_MATCH = YES;
				COPY_PHASE_STRIP = NO;
				DEBUG_INFORMATION_FORMAT = dwarf;
				ENABLE_STRICT_OBJC_MSGSEND = YES;
				ENABLE_TESTABILITY = YES;
				GCC_C_LANGUAGE_STANDARD = gnu11;
				GCC_DYNAMIC_NO_PIC = NO;
				GCC_NO_COMMON_BLOCKS = YES;
				GCC_OPTIMIZATION_LEVEL = 0;
				GCC_PREPROCESSOR_DEFINITIONS = (
					"DEBUG=1",
					"$(inherited)",
				);
				GCC_WARN_64_TO_32_BIT_CONVERSION = YES;
				GCC_WARN_ABOUT_RETURN_TYPE = YES_ERROR;
				GCC_WARN_UNDECLARED_SELECTOR = YES;
				GCC_WARN_UNINITIALIZED_AUTOS = YES_AGGRESSIVE;
				GCC_WARN_UNUSED_FUNCTION = YES;
				GCC_WARN_UNUSED_VARIABLE = YES;
				IPHONEOS_DEPLOYMENT_TARGET = 16.2;
				MTL_ENABLE_DEBUG_INFO = INCLUDE_SOURCE;
				MTL_FAST_MATH = YES;
				ONLY_ACTIVE_ARCH = YES;
				SDKROOT = iphoneos;
				SWIFT_ACTIVE_COMPILATION_CONDITIONS = DEBUG;
				SWIFT_OPTIMIZATION_LEVEL = "-Onone";
			};
			name = Debug;
		};
		335BE76B29FC10DF00BC953C /* Release */ = {
			isa = XCBuildConfiguration;
			buildSettings = {
				ALWAYS_SEARCH_USER_PATHS = NO;
				CLANG_ANALYZER_NONNULL = YES;
				CLANG_ANALYZER_NUMBER_OBJECT_CONVERSION = YES_AGGRESSIVE;
				CLANG_CXX_LANGUAGE_STANDARD = "gnu++20";
				CLANG_ENABLE_MODULES = YES;
				CLANG_ENABLE_OBJC_ARC = YES;
				CLANG_ENABLE_OBJC_WEAK = YES;
				CLANG_WARN_BLOCK_CAPTURE_AUTORELEASING = YES;
				CLANG_WARN_BOOL_CONVERSION = YES;
				CLANG_WARN_COMMA = YES;
				CLANG_WARN_CONSTANT_CONVERSION = YES;
				CLANG_WARN_DEPRECATED_OBJC_IMPLEMENTATIONS = YES;
				CLANG_WARN_DIRECT_OBJC_ISA_USAGE = YES_ERROR;
				CLANG_WARN_DOCUMENTATION_COMMENTS = YES;
				CLANG_WARN_EMPTY_BODY = YES;
				CLANG_WARN_ENUM_CONVERSION = YES;
				CLANG_WARN_INFINITE_RECURSION = YES;
				CLANG_WARN_INT_CONVERSION = YES;
				CLANG_WARN_NON_LITERAL_NULL_CONVERSION = YES;
				CLANG_WARN_OBJC_IMPLICIT_RETAIN_SELF = YES;
				CLANG_WARN_OBJC_LITERAL_CONVERSION = YES;
				CLANG_WARN_OBJC_ROOT_CLASS = YES_ERROR;
				CLANG_WARN_QUOTED_INCLUDE_IN_FRAMEWORK_HEADER = YES;
				CLANG_WARN_RANGE_LOOP_ANALYSIS = YES;
				CLANG_WARN_STRICT_PROTOTYPES = YES;
				CLANG_WARN_SUSPICIOUS_MOVE = YES;
				CLANG_WARN_UNGUARDED_AVAILABILITY = YES_AGGRESSIVE;
				CLANG_WARN_UNREACHABLE_CODE = YES;
				CLANG_WARN__DUPLICATE_METHOD_MATCH = YES;
				COPY_PHASE_STRIP = NO;
				DEBUG_INFORMATION_FORMAT = "dwarf-with-dsym";
				ENABLE_NS_ASSERTIONS = NO;
				ENABLE_STRICT_OBJC_MSGSEND = YES;
				GCC_C_LANGUAGE_STANDARD = gnu11;
				GCC_NO_COMMON_BLOCKS = YES;
				GCC_WARN_64_TO_32_BIT_CONVERSION = YES;
				GCC_WARN_ABOUT_RETURN_TYPE = YES_ERROR;
				GCC_WARN_UNDECLARED_SELECTOR = YES;
				GCC_WARN_UNINITIALIZED_AUTOS = YES_AGGRESSIVE;
				GCC_WARN_UNUSED_FUNCTION = YES;
				GCC_WARN_UNUSED_VARIABLE = YES;
				IPHONEOS_DEPLOYMENT_TARGET = 16.2;
				MTL_ENABLE_DEBUG_INFO = NO;
				MTL_FAST_MATH = YES;
				SDKROOT = iphoneos;
				SWIFT_COMPILATION_MODE = wholemodule;
				SWIFT_OPTIMIZATION_LEVEL = "-O";
				VALIDATE_PRODUCT = YES;
			};
			name = Release;
		};
		335BE76D29FC10DF00BC953C /* Debug */ = {
			isa = XCBuildConfiguration;
			buildSettings = {
				ASSETCATALOG_COMPILER_APPICON_NAME = AppIcon;
				ASSETCATALOG_COMPILER_GLOBAL_ACCENT_COLOR_NAME = AccentColor;
				CODE_SIGN_STYLE = Automatic;
				CURRENT_PROJECT_VERSION = 1;
				GENERATE_INFOPLIST_FILE = YES;
				INFOPLIST_FILE = Groshi/Info.plist;
				INFOPLIST_KEY_UIApplicationSupportsIndirectInputEvents = YES;
				INFOPLIST_KEY_UILaunchStoryboardName = LaunchScreen;
				INFOPLIST_KEY_UIMainStoryboardFile = Main;
				INFOPLIST_KEY_UISupportedInterfaceOrientations_iPad = "UIInterfaceOrientationPortrait UIInterfaceOrientationPortraitUpsideDown UIInterfaceOrientationLandscapeLeft UIInterfaceOrientationLandscapeRight";
				INFOPLIST_KEY_UISupportedInterfaceOrientations_iPhone = "UIInterfaceOrientationPortrait UIInterfaceOrientationLandscapeLeft UIInterfaceOrientationLandscapeRight";
				LD_RUNPATH_SEARCH_PATHS = (
					"$(inherited)",
					"@executable_path/Frameworks",
				);
				MARKETING_VERSION = 1.0;
				PRODUCT_BUNDLE_IDENTIFIER = medlyosha.Groshi;
				PRODUCT_NAME = "$(TARGET_NAME)";
				SWIFT_EMIT_LOC_STRINGS = YES;
				SWIFT_VERSION = 5.0;
				TARGETED_DEVICE_FAMILY = "1,2";
			};
			name = Debug;
		};
		335BE76E29FC10DF00BC953C /* Release */ = {
			isa = XCBuildConfiguration;
			buildSettings = {
				ASSETCATALOG_COMPILER_APPICON_NAME = AppIcon;
				ASSETCATALOG_COMPILER_GLOBAL_ACCENT_COLOR_NAME = AccentColor;
				CODE_SIGN_STYLE = Automatic;
				CURRENT_PROJECT_VERSION = 1;
				GENERATE_INFOPLIST_FILE = YES;
				INFOPLIST_FILE = Groshi/Info.plist;
				INFOPLIST_KEY_UIApplicationSupportsIndirectInputEvents = YES;
				INFOPLIST_KEY_UILaunchStoryboardName = LaunchScreen;
				INFOPLIST_KEY_UIMainStoryboardFile = Main;
				INFOPLIST_KEY_UISupportedInterfaceOrientations_iPad = "UIInterfaceOrientationPortrait UIInterfaceOrientationPortraitUpsideDown UIInterfaceOrientationLandscapeLeft UIInterfaceOrientationLandscapeRight";
				INFOPLIST_KEY_UISupportedInterfaceOrientations_iPhone = "UIInterfaceOrientationPortrait UIInterfaceOrientationLandscapeLeft UIInterfaceOrientationLandscapeRight";
				LD_RUNPATH_SEARCH_PATHS = (
					"$(inherited)",
					"@executable_path/Frameworks",
				);
				MARKETING_VERSION = 1.0;
				PRODUCT_BUNDLE_IDENTIFIER = medlyosha.Groshi;
				PRODUCT_NAME = "$(TARGET_NAME)";
				SWIFT_EMIT_LOC_STRINGS = YES;
				SWIFT_VERSION = 5.0;
				TARGETED_DEVICE_FAMILY = "1,2";
			};
			name = Release;
		};
		335BE77029FC10DF00BC953C /* Debug */ = {
			isa = XCBuildConfiguration;
			buildSettings = {
				ALWAYS_EMBED_SWIFT_STANDARD_LIBRARIES = YES;
				BUNDLE_LOADER = "$(TEST_HOST)";
				CODE_SIGN_STYLE = Automatic;
				CURRENT_PROJECT_VERSION = 1;
				GENERATE_INFOPLIST_FILE = YES;
				IPHONEOS_DEPLOYMENT_TARGET = 16.2;
				MARKETING_VERSION = 1.0;
				PRODUCT_BUNDLE_IDENTIFIER = medlyosha.GroshiTests;
				PRODUCT_NAME = "$(TARGET_NAME)";
				SWIFT_EMIT_LOC_STRINGS = NO;
				SWIFT_VERSION = 5.0;
				TARGETED_DEVICE_FAMILY = "1,2";
				TEST_HOST = "$(BUILT_PRODUCTS_DIR)/Groshi.app/$(BUNDLE_EXECUTABLE_FOLDER_PATH)/Groshi";
			};
			name = Debug;
		};
		335BE77129FC10DF00BC953C /* Release */ = {
			isa = XCBuildConfiguration;
			buildSettings = {
				ALWAYS_EMBED_SWIFT_STANDARD_LIBRARIES = YES;
				BUNDLE_LOADER = "$(TEST_HOST)";
				CODE_SIGN_STYLE = Automatic;
				CURRENT_PROJECT_VERSION = 1;
				GENERATE_INFOPLIST_FILE = YES;
				IPHONEOS_DEPLOYMENT_TARGET = 16.2;
				MARKETING_VERSION = 1.0;
				PRODUCT_BUNDLE_IDENTIFIER = medlyosha.GroshiTests;
				PRODUCT_NAME = "$(TARGET_NAME)";
				SWIFT_EMIT_LOC_STRINGS = NO;
				SWIFT_VERSION = 5.0;
				TARGETED_DEVICE_FAMILY = "1,2";
				TEST_HOST = "$(BUILT_PRODUCTS_DIR)/Groshi.app/$(BUNDLE_EXECUTABLE_FOLDER_PATH)/Groshi";
			};
			name = Release;
		};
		335BE77329FC10DF00BC953C /* Debug */ = {
			isa = XCBuildConfiguration;
			buildSettings = {
				ALWAYS_EMBED_SWIFT_STANDARD_LIBRARIES = YES;
				CODE_SIGN_STYLE = Automatic;
				CURRENT_PROJECT_VERSION = 1;
				GENERATE_INFOPLIST_FILE = YES;
				MARKETING_VERSION = 1.0;
				PRODUCT_BUNDLE_IDENTIFIER = medlyosha.GroshiUITests;
				PRODUCT_NAME = "$(TARGET_NAME)";
				SWIFT_EMIT_LOC_STRINGS = NO;
				SWIFT_VERSION = 5.0;
				TARGETED_DEVICE_FAMILY = "1,2";
				TEST_TARGET_NAME = Groshi;
			};
			name = Debug;
		};
		335BE77429FC10DF00BC953C /* Release */ = {
			isa = XCBuildConfiguration;
			buildSettings = {
				ALWAYS_EMBED_SWIFT_STANDARD_LIBRARIES = YES;
				CODE_SIGN_STYLE = Automatic;
				CURRENT_PROJECT_VERSION = 1;
				GENERATE_INFOPLIST_FILE = YES;
				MARKETING_VERSION = 1.0;
				PRODUCT_BUNDLE_IDENTIFIER = medlyosha.GroshiUITests;
				PRODUCT_NAME = "$(TARGET_NAME)";
				SWIFT_EMIT_LOC_STRINGS = NO;
				SWIFT_VERSION = 5.0;
				TARGETED_DEVICE_FAMILY = "1,2";
				TEST_TARGET_NAME = Groshi;
			};
			name = Release;
		};
/* End XCBuildConfiguration section */

/* Begin XCConfigurationList section */
		335BE73A29FC10DD00BC953C /* Build configuration list for PBXProject "Groshi" */ = {
			isa = XCConfigurationList;
			buildConfigurations = (
				335BE76A29FC10DF00BC953C /* Debug */,
				335BE76B29FC10DF00BC953C /* Release */,
			);
			defaultConfigurationIsVisible = 0;
			defaultConfigurationName = Release;
		};
		335BE76C29FC10DF00BC953C /* Build configuration list for PBXNativeTarget "Groshi" */ = {
			isa = XCConfigurationList;
			buildConfigurations = (
				335BE76D29FC10DF00BC953C /* Debug */,
				335BE76E29FC10DF00BC953C /* Release */,
			);
			defaultConfigurationIsVisible = 0;
			defaultConfigurationName = Release;
		};
		335BE76F29FC10DF00BC953C /* Build configuration list for PBXNativeTarget "GroshiTests" */ = {
			isa = XCConfigurationList;
			buildConfigurations = (
				335BE77029FC10DF00BC953C /* Debug */,
				335BE77129FC10DF00BC953C /* Release */,
			);
			defaultConfigurationIsVisible = 0;
			defaultConfigurationName = Release;
		};
		335BE77229FC10DF00BC953C /* Build configuration list for PBXNativeTarget "GroshiUITests" */ = {
			isa = XCConfigurationList;
			buildConfigurations = (
				335BE77329FC10DF00BC953C /* Debug */,
				335BE77429FC10DF00BC953C /* Release */,
			);
			defaultConfigurationIsVisible = 0;
			defaultConfigurationName = Release;
		};
/* End XCConfigurationList section */

/* Begin XCVersionGroup section */
		335BE74B29FC10DD00BC953C /* Groshi.xcdatamodeld */ = {
			isa = XCVersionGroup;
			children = (
				335BE74C29FC10DD00BC953C /* Groshi.xcdatamodel */,
			);
			currentVersion = 335BE74C29FC10DD00BC953C /* Groshi.xcdatamodel */;
			path = Groshi.xcdatamodeld;
			sourceTree = "<group>";
			versionGroupType = wrapper.xcdatamodel;
		};
/* End XCVersionGroup section */
	};
	rootObject = 335BE73729FC10DD00BC953C /* Project object */;
}
